
Microsoft Visual Studio Solution File, Format Version 12.00
# Visual Studio 15
VisualStudioVersion = 15.0.26228.43
MinimumVisualStudioVersion = 10.0.40219.1
Project("{FAE04EC0-301F-11D3-BF4B-00C04F79EFBC}") = "TortillaIA32", "TortillaIA32\TortillaIA32.csproj", "{6D79F922-98D4-40A0-AC80-4365821976C8}"
EndProject
Project("{FAE04EC0-301F-11D3-BF4B-00C04F79EFBC}") = "TortillaUI", "TortillaUI\TortillaUI.csproj", "{0E0B6D0E-0E1D-477F-9DEE-9E3E17F516FB}"
EndProject
Project("{2150E333-8FDC-42A3-9474-1A3956D46DE8}") = "assembly", "assembly", "{9291D06E-4B41-4C5F-B83F-4895EB9B8D6C}"
	ProjectSection(SolutionItems) = preProject
		assembly\bios.asm = assembly\bios.asm
		assembly\bios.ld = assembly\bios.ld
		assembly\makefile = assembly\makefile
		assembly\quesos.asm = assembly\quesos.asm
	EndProjectSection
EndProject
Project("{2150E333-8FDC-42A3-9474-1A3956D46DE8}") = "Solution Items", "Solution Items", "{00C3CE5B-1AB9-4705-8387-CE6D470EC296}"
	ProjectSection(SolutionItems) = preProject
		lib\IntervalTreeLib.dll = lib\IntervalTreeLib.dll
		lib\PowerCollections.dll = lib\PowerCollections.dll
		README.md = README.md
	EndProjectSection
EndProject
Global
	GlobalSection(SolutionConfigurationPlatforms) = preSolution
		Debug|Any CPU = Debug|Any CPU
		Debug|x64 = Debug|x64
		Debug|x86 = Debug|x86
		Release|Any CPU = Release|Any CPU
		Release|x64 = Release|x64
		Release|x86 = Release|x86
	EndGlobalSection
	GlobalSection(ProjectConfigurationPlatforms) = postSolution
		{6D79F922-98D4-40A0-AC80-4365821976C8}.Debug|Any CPU.ActiveCfg = Debug|Any CPU
		{6D79F922-98D4-40A0-AC80-4365821976C8}.Debug|Any CPU.Build.0 = Debug|Any CPU
		{6D79F922-98D4-40A0-AC80-4365821976C8}.Debug|x64.ActiveCfg = Debug|Any CPU
		{6D79F922-98D4-40A0-AC80-4365821976C8}.Debug|x64.Build.0 = Debug|Any CPU
		{6D79F922-98D4-40A0-AC80-4365821976C8}.Debug|x86.ActiveCfg = Debug|Any CPU
		{6D79F922-98D4-40A0-AC80-4365821976C8}.Debug|x86.Build.0 = Debug|Any CPU
		{6D79F922-98D4-40A0-AC80-4365821976C8}.Release|Any CPU.ActiveCfg = Release|Any CPU
		{6D79F922-98D4-40A0-AC80-4365821976C8}.Release|Any CPU.Build.0 = Release|Any CPU
		{6D79F922-98D4-40A0-AC80-4365821976C8}.Release|x64.ActiveCfg = Release|Any CPU
		{6D79F922-98D4-40A0-AC80-4365821976C8}.Release|x64.Build.0 = Release|Any CPU
		{6D79F922-98D4-40A0-AC80-4365821976C8}.Release|x86.ActiveCfg = Release|Any CPU
		{6D79F922-98D4-40A0-AC80-4365821976C8}.Release|x86.Build.0 = Release|Any CPU
		{0E0B6D0E-0E1D-477F-9DEE-9E3E17F516FB}.Debug|Any CPU.ActiveCfg = Debug|Any CPU
		{0E0B6D0E-0E1D-477F-9DEE-9E3E17F516FB}.Debug|Any CPU.Build.0 = Debug|Any CPU
		{0E0B6D0E-0E1D-477F-9DEE-9E3E17F516FB}.Debug|x64.ActiveCfg = Debug|Any CPU
		{0E0B6D0E-0E1D-477F-9DEE-9E3E17F516FB}.Debug|x64.Build.0 = Debug|Any CPU
		{0E0B6D0E-0E1D-477F-9DEE-9E3E17F516FB}.Debug|x86.ActiveCfg = Debug|Any CPU
		{0E0B6D0E-0E1D-477F-9DEE-9E3E17F516FB}.Debug|x86.Build.0 = Debug|Any CPU
		{0E0B6D0E-0E1D-477F-9DEE-9E3E17F516FB}.Release|Any CPU.ActiveCfg = Release|Any CPU
		{0E0B6D0E-0E1D-477F-9DEE-9E3E17F516FB}.Release|Any CPU.Build.0 = Release|Any CPU
		{0E0B6D0E-0E1D-477F-9DEE-9E3E17F516FB}.Release|x64.ActiveCfg = Release|Any CPU
		{0E0B6D0E-0E1D-477F-9DEE-9E3E17F516FB}.Release|x64.Build.0 = Release|Any CPU
		{0E0B6D0E-0E1D-477F-9DEE-9E3E17F516FB}.Release|x86.ActiveCfg = Release|Any CPU
		{0E0B6D0E-0E1D-477F-9DEE-9E3E17F516FB}.Release|x86.Build.0 = Release|Any CPU
	EndGlobalSection
	GlobalSection(SolutionProperties) = preSolution
		HideSolutionNode = FALSE
	EndGlobalSection
EndGlobal
