
Microsoft Visual Studio Solution File, Format Version 12.00
# Visual Studio Version 16
VisualStudioVersion = 16.0.30320.27
MinimumVisualStudioVersion = 10.0.40219.1
Project("{2150E333-8FDC-42A3-9474-1A3956D46DE8}") = "assembly", "assembly", "{9291D06E-4B41-4C5F-B83F-4895EB9B8D6C}"
	ProjectSection(SolutionItems) = preProject
		assembly\bios.asm = assembly\bios.asm
		assembly\bios.ld = assembly\bios.ld
		Maize.txt = Maize.txt
		assembly\makefile = assembly\makefile
		assembly\quesos.asm = assembly\quesos.asm
		SalsaBios.asm = SalsaBios.asm
		SalsaBIOS.rom = SalsaBIOS.rom
	EndProjectSection
EndProject
Project("{2150E333-8FDC-42A3-9474-1A3956D46DE8}") = "Solution Items", "Solution Items", "{00C3CE5B-1AB9-4705-8387-CE6D470EC296}"
	ProjectSection(SolutionItems) = preProject
		lib\IntervalTreeLib.dll = lib\IntervalTreeLib.dll
		lib\PowerCollections.dll = lib\PowerCollections.dll
		README.md = README.md
	EndProjectSection
EndProject
Project("{9A19103F-16F7-4668-BE54-9A1E7A4F7556}") = "mazm", "mazm\mazm.csproj", "{9B24E7CC-3264-44D7-9A34-0275C2087948}"
EndProject
Project("{FAE04EC0-301F-11D3-BF4B-00C04F79EFBC}") = "MaizeCpu", "MaizeCpu\MaizeCpu.csproj", "{0D28B4A4-F1F7-4BF6-BF71-304C280C5D88}"
EndProject
Project("{9A19103F-16F7-4668-BE54-9A1E7A4F7556}") = "TortillaUiCore", "TortillaUiCore\TortillaUiCore.csproj", "{835672A1-88AD-40AD-B3C5-2C67C4CA1916}"
EndProject
Global
	GlobalSection(SolutionConfigurationPlatforms) = preSolution
		Debug|Any CPU = Debug|Any CPU
		Debug|x64 = Debug|x64
		Debug|x86 = Debug|x86
		Release|Any CPU = Release|Any CPU
		Release|x64 = Release|x64
		Release|x86 = Release|x86
	EndGlobalSection
	GlobalSection(ProjectConfigurationPlatforms) = postSolution
		{9B24E7CC-3264-44D7-9A34-0275C2087948}.Debug|Any CPU.ActiveCfg = Debug|Any CPU
		{9B24E7CC-3264-44D7-9A34-0275C2087948}.Debug|Any CPU.Build.0 = Debug|Any CPU
		{9B24E7CC-3264-44D7-9A34-0275C2087948}.Debug|x64.ActiveCfg = Debug|Any CPU
		{9B24E7CC-3264-44D7-9A34-0275C2087948}.Debug|x64.Build.0 = Debug|Any CPU
		{9B24E7CC-3264-44D7-9A34-0275C2087948}.Debug|x86.ActiveCfg = Debug|Any CPU
		{9B24E7CC-3264-44D7-9A34-0275C2087948}.Debug|x86.Build.0 = Debug|Any CPU
		{9B24E7CC-3264-44D7-9A34-0275C2087948}.Release|Any CPU.ActiveCfg = Release|Any CPU
		{9B24E7CC-3264-44D7-9A34-0275C2087948}.Release|Any CPU.Build.0 = Release|Any CPU
		{9B24E7CC-3264-44D7-9A34-0275C2087948}.Release|x64.ActiveCfg = Release|Any CPU
		{9B24E7CC-3264-44D7-9A34-0275C2087948}.Release|x64.Build.0 = Release|Any CPU
		{9B24E7CC-3264-44D7-9A34-0275C2087948}.Release|x86.ActiveCfg = Release|Any CPU
		{9B24E7CC-3264-44D7-9A34-0275C2087948}.Release|x86.Build.0 = Release|Any CPU
		{0D28B4A4-F1F7-4BF6-BF71-304C280C5D88}.Debug|Any CPU.ActiveCfg = Debug|Any CPU
		{0D28B4A4-F1F7-4BF6-BF71-304C280C5D88}.Debug|Any CPU.Build.0 = Debug|Any CPU
		{0D28B4A4-F1F7-4BF6-BF71-304C280C5D88}.Debug|x64.ActiveCfg = Debug|Any CPU
		{0D28B4A4-F1F7-4BF6-BF71-304C280C5D88}.Debug|x64.Build.0 = Debug|Any CPU
		{0D28B4A4-F1F7-4BF6-BF71-304C280C5D88}.Debug|x86.ActiveCfg = Debug|Any CPU
		{0D28B4A4-F1F7-4BF6-BF71-304C280C5D88}.Debug|x86.Build.0 = Debug|Any CPU
		{0D28B4A4-F1F7-4BF6-BF71-304C280C5D88}.Release|Any CPU.ActiveCfg = Release|Any CPU
		{0D28B4A4-F1F7-4BF6-BF71-304C280C5D88}.Release|Any CPU.Build.0 = Release|Any CPU
		{0D28B4A4-F1F7-4BF6-BF71-304C280C5D88}.Release|x64.ActiveCfg = Release|Any CPU
		{0D28B4A4-F1F7-4BF6-BF71-304C280C5D88}.Release|x64.Build.0 = Release|Any CPU
		{0D28B4A4-F1F7-4BF6-BF71-304C280C5D88}.Release|x86.ActiveCfg = Release|Any CPU
		{0D28B4A4-F1F7-4BF6-BF71-304C280C5D88}.Release|x86.Build.0 = Release|Any CPU
		{835672A1-88AD-40AD-B3C5-2C67C4CA1916}.Debug|Any CPU.ActiveCfg = Debug|Any CPU
		{835672A1-88AD-40AD-B3C5-2C67C4CA1916}.Debug|Any CPU.Build.0 = Debug|Any CPU
		{835672A1-88AD-40AD-B3C5-2C67C4CA1916}.Debug|x64.ActiveCfg = Debug|Any CPU
		{835672A1-88AD-40AD-B3C5-2C67C4CA1916}.Debug|x64.Build.0 = Debug|Any CPU
		{835672A1-88AD-40AD-B3C5-2C67C4CA1916}.Debug|x86.ActiveCfg = Debug|Any CPU
		{835672A1-88AD-40AD-B3C5-2C67C4CA1916}.Debug|x86.Build.0 = Debug|Any CPU
		{835672A1-88AD-40AD-B3C5-2C67C4CA1916}.Release|Any CPU.ActiveCfg = Release|Any CPU
		{835672A1-88AD-40AD-B3C5-2C67C4CA1916}.Release|Any CPU.Build.0 = Release|Any CPU
		{835672A1-88AD-40AD-B3C5-2C67C4CA1916}.Release|x64.ActiveCfg = Release|Any CPU
		{835672A1-88AD-40AD-B3C5-2C67C4CA1916}.Release|x64.Build.0 = Release|Any CPU
		{835672A1-88AD-40AD-B3C5-2C67C4CA1916}.Release|x86.ActiveCfg = Release|Any CPU
		{835672A1-88AD-40AD-B3C5-2C67C4CA1916}.Release|x86.Build.0 = Release|Any CPU
	EndGlobalSection
	GlobalSection(SolutionProperties) = preSolution
		HideSolutionNode = FALSE
	EndGlobalSection
	GlobalSection(ExtensibilityGlobals) = postSolution
		SolutionGuid = {9576431C-5A7C-4E8E-9A5E-F406BCE2BA9B}
	EndGlobalSection
EndGlobal
